// !$*UTF8*$!
{
	archiveVersion = 1;
	classes = {
	};
	objectVersion = 77;
	objects = {

/* Begin PBXContainerItemProxy section */
		6F31882D2D3297F0007241FA /* PBXContainerItemProxy */ = {
			isa = PBXContainerItemProxy;
			containerPortal = 6F3188132D3297EF007241FA /* Project object */;
			proxyType = 1;
			remoteGlobalIDString = 6F31881A2D3297EF007241FA;
			remoteInfo = TomorrowWeatherApp;
		};
		6F3188372D3297F0007241FA /* PBXContainerItemProxy */ = {
			isa = PBXContainerItemProxy;
			containerPortal = 6F3188132D3297EF007241FA /* Project object */;
			proxyType = 1;
			remoteGlobalIDString = 6F31881A2D3297EF007241FA;
			remoteInfo = TomorrowWeatherApp;
		};
/* End PBXContainerItemProxy section */

/* Begin PBXFileReference section */
		6F31881B2D3297EF007241FA /* TomorrowWeatherApp.app */ = {isa = PBXFileReference; explicitFileType = wrapper.application; includeInIndex = 0; path = TomorrowWeatherApp.app; sourceTree = BUILT_PRODUCTS_DIR; };
		6F31882C2D3297F0007241FA /* TomorrowWeatherAppTests.xctest */ = {isa = PBXFileReference; explicitFileType = wrapper.cfbundle; includeInIndex = 0; path = TomorrowWeatherAppTests.xctest; sourceTree = BUILT_PRODUCTS_DIR; };
		6F3188362D3297F0007241FA /* TomorrowWeatherAppUITests.xctest */ = {isa = PBXFileReference; explicitFileType = wrapper.cfbundle; includeInIndex = 0; path = TomorrowWeatherAppUITests.xctest; sourceTree = BUILT_PRODUCTS_DIR; };
/* End PBXFileReference section */

/* Begin PBXFileSystemSynchronizedBuildFileExceptionSet section */
		6F3188942D3343C2007241FA /* Exceptions for "TomorrowWeatherAppTests" folder in "TomorrowWeatherApp" target */ = {
			isa = PBXFileSystemSynchronizedBuildFileExceptionSet;
			membershipExceptions = (
				Mocks/WeatherServiceMock.swift,
			);
			target = 6F31881A2D3297EF007241FA /* TomorrowWeatherApp */;
		};
		6F3188972D33459F007241FA /* Exceptions for "TomorrowWeatherApp" folder in "TomorrowWeatherAppTests" target */ = {
			isa = PBXFileSystemSynchronizedBuildFileExceptionSet;
			membershipExceptions = (
				HomeScreen/Views/InfoCard.swift,
				Model/WeatherModel.swift,
				Network/Constants.swift,
				Network/URLSession.swift,
				Service/WeatherService.swift,
			);
			target = 6F31882B2D3297F0007241FA /* TomorrowWeatherAppTests */;
		};
		6F3188A32D341B4A007241FA /* Exceptions for "TomorrowWeatherApp" folder in "TomorrowWeatherApp" target */ = {
			isa = PBXFileSystemSynchronizedBuildFileExceptionSet;
			membershipExceptions = (
				Info.plist,
			);
			target = 6F31881A2D3297EF007241FA /* TomorrowWeatherApp */;
		};
/* End PBXFileSystemSynchronizedBuildFileExceptionSet section */

/* Begin PBXFileSystemSynchronizedRootGroup section */
		6F31881D2D3297EF007241FA /* TomorrowWeatherApp */ = {
			isa = PBXFileSystemSynchronizedRootGroup;
			exceptions = (
				6F3188A32D341B4A007241FA /* Exceptions for "TomorrowWeatherApp" folder in "TomorrowWeatherApp" target */,
				6F3188972D33459F007241FA /* Exceptions for "TomorrowWeatherApp" folder in "TomorrowWeatherAppTests" target */,
			);
			path = TomorrowWeatherApp;
			sourceTree = "<group>";
		};
		6F31882F2D3297F0007241FA /* TomorrowWeatherAppTests */ = {
			isa = PBXFileSystemSynchronizedRootGroup;
			exceptions = (
				6F3188942D3343C2007241FA /* Exceptions for "TomorrowWeatherAppTests" folder in "TomorrowWeatherApp" target */,
			);
			path = TomorrowWeatherAppTests;
			sourceTree = "<group>";
		};
		6F3188392D3297F0007241FA /* TomorrowWeatherAppUITests */ = {
			isa = PBXFileSystemSynchronizedRootGroup;
			path = TomorrowWeatherAppUITests;
			sourceTree = "<group>";
		};
/* End PBXFileSystemSynchronizedRootGroup section */

/* Begin PBXFrameworksBuildPhase section */
		6F3188182D3297EF007241FA /* Frameworks */ = {
			isa = PBXFrameworksBuildPhase;
			buildActionMask = 2147483647;
			files = (
			);
			runOnlyForDeploymentPostprocessing = 0;
		};
		6F3188292D3297F0007241FA /* Frameworks */ = {
			isa = PBXFrameworksBuildPhase;
			buildActionMask = 2147483647;
			files = (
			);
			runOnlyForDeploymentPostprocessing = 0;
		};
		6F3188332D3297F0007241FA /* Frameworks */ = {
			isa = PBXFrameworksBuildPhase;
			buildActionMask = 2147483647;
			files = (
			);
			runOnlyForDeploymentPostprocessing = 0;
		};
/* End PBXFrameworksBuildPhase section */

/* Begin PBXGroup section */
		6F3188122D3297EF007241FA = {
			isa = PBXGroup;
			children = (
				6F31881D2D3297EF007241FA /* TomorrowWeatherApp */,
				6F31882F2D3297F0007241FA /* TomorrowWeatherAppTests */,
				6F3188392D3297F0007241FA /* TomorrowWeatherAppUITests */,
				6F31881C2D3297EF007241FA /* Products */,
			);
			sourceTree = "<group>";
		};
		6F31881C2D3297EF007241FA /* Products */ = {
			isa = PBXGroup;
			children = (
				6F31881B2D3297EF007241FA /* TomorrowWeatherApp.app */,
				6F31882C2D3297F0007241FA /* TomorrowWeatherAppTests.xctest */,
				6F3188362D3297F0007241FA /* TomorrowWeatherAppUITests.xctest */,
			);
			name = Products;
			sourceTree = "<group>";
		};
/* End PBXGroup section */

/* Begin PBXNativeTarget section */
		6F31881A2D3297EF007241FA /* TomorrowWeatherApp */ = {
			isa = PBXNativeTarget;
			buildConfigurationList = 6F3188402D3297F0007241FA /* Build configuration list for PBXNativeTarget "TomorrowWeatherApp" */;
			buildPhases = (
				6F3188172D3297EF007241FA /* Sources */,
				6F3188182D3297EF007241FA /* Frameworks */,
				6F3188192D3297EF007241FA /* Resources */,
			);
			buildRules = (
			);
			dependencies = (
			);
			fileSystemSynchronizedGroups = (
				6F31881D2D3297EF007241FA /* TomorrowWeatherApp */,
			);
			name = TomorrowWeatherApp;
			packageProductDependencies = (
			);
			productName = TomorrowWeatherApp;
			productReference = 6F31881B2D3297EF007241FA /* TomorrowWeatherApp.app */;
			productType = "com.apple.product-type.application";
		};
		6F31882B2D3297F0007241FA /* TomorrowWeatherAppTests */ = {
			isa = PBXNativeTarget;
			buildConfigurationList = 6F3188432D3297F0007241FA /* Build configuration list for PBXNativeTarget "TomorrowWeatherAppTests" */;
			buildPhases = (
				6F3188282D3297F0007241FA /* Sources */,
				6F3188292D3297F0007241FA /* Frameworks */,
				6F31882A2D3297F0007241FA /* Resources */,
			);
			buildRules = (
			);
			dependencies = (
				6F31882E2D3297F0007241FA /* PBXTargetDependency */,
			);
			fileSystemSynchronizedGroups = (
				6F31882F2D3297F0007241FA /* TomorrowWeatherAppTests */,
			);
			name = TomorrowWeatherAppTests;
			packageProductDependencies = (
			);
			productName = TomorrowWeatherAppTests;
			productReference = 6F31882C2D3297F0007241FA /* TomorrowWeatherAppTests.xctest */;
			productType = "com.apple.product-type.bundle.unit-test";
		};
		6F3188352D3297F0007241FA /* TomorrowWeatherAppUITests */ = {
			isa = PBXNativeTarget;
			buildConfigurationList = 6F3188462D3297F0007241FA /* Build configuration list for PBXNativeTarget "TomorrowWeatherAppUITests" */;
			buildPhases = (
				6F3188322D3297F0007241FA /* Sources */,
				6F3188332D3297F0007241FA /* Frameworks */,
				6F3188342D3297F0007241FA /* Resources */,
			);
			buildRules = (
			);
			dependencies = (
				6F3188382D3297F0007241FA /* PBXTargetDependency */,
			);
			fileSystemSynchronizedGroups = (
				6F3188392D3297F0007241FA /* TomorrowWeatherAppUITests */,
			);
			name = TomorrowWeatherAppUITests;
			packageProductDependencies = (
			);
			productName = TomorrowWeatherAppUITests;
			productReference = 6F3188362D3297F0007241FA /* TomorrowWeatherAppUITests.xctest */;
			productType = "com.apple.product-type.bundle.ui-testing";
		};
/* End PBXNativeTarget section */

/* Begin PBXProject section */
		6F3188132D3297EF007241FA /* Project object */ = {
			isa = PBXProject;
			attributes = {
				BuildIndependentTargetsInParallel = 1;
				LastSwiftUpdateCheck = 1620;
				LastUpgradeCheck = 1620;
				TargetAttributes = {
					6F31881A2D3297EF007241FA = {
						CreatedOnToolsVersion = 16.2;
					};
					6F31882B2D3297F0007241FA = {
						CreatedOnToolsVersion = 16.2;
						TestTargetID = 6F31881A2D3297EF007241FA;
					};
					6F3188352D3297F0007241FA = {
						CreatedOnToolsVersion = 16.2;
						TestTargetID = 6F31881A2D3297EF007241FA;
					};
				};
			};
			buildConfigurationList = 6F3188162D3297EF007241FA /* Build configuration list for PBXProject "TomorrowWeatherApp" */;
			developmentRegion = en;
			hasScannedForEncodings = 0;
			knownRegions = (
				en,
				Base,
			);
			mainGroup = 6F3188122D3297EF007241FA;
			minimizedProjectReferenceProxies = 1;
			preferredProjectObjectVersion = 77;
			productRefGroup = 6F31881C2D3297EF007241FA /* Products */;
			projectDirPath = "";
			projectRoot = "";
			targets = (
				6F31881A2D3297EF007241FA /* TomorrowWeatherApp */,
				6F31882B2D3297F0007241FA /* TomorrowWeatherAppTests */,
				6F3188352D3297F0007241FA /* TomorrowWeatherAppUITests */,
			);
		};
/* End PBXProject section */

/* Begin PBXResourcesBuildPhase section */
		6F3188192D3297EF007241FA /* Resources */ = {
			isa = PBXResourcesBuildPhase;
			buildActionMask = 2147483647;
			files = (
			);
			runOnlyForDeploymentPostprocessing = 0;
		};
		6F31882A2D3297F0007241FA /* Resources */ = {
			isa = PBXResourcesBuildPhase;
			buildActionMask = 2147483647;
			files = (
			);
			runOnlyForDeploymentPostprocessing = 0;
		};
		6F3188342D3297F0007241FA /* Resources */ = {
			isa = PBXResourcesBuildPhase;
			buildActionMask = 2147483647;
			files = (
			);
			runOnlyForDeploymentPostprocessing = 0;
		};
/* End PBXResourcesBuildPhase section */

/* Begin PBXSourcesBuildPhase section */
		6F3188172D3297EF007241FA /* Sources */ = {
			isa = PBXSourcesBuildPhase;
			buildActionMask = 2147483647;
			files = (
			);
			runOnlyForDeploymentPostprocessing = 0;
		};
		6F3188282D3297F0007241FA /* Sources */ = {
			isa = PBXSourcesBuildPhase;
			buildActionMask = 2147483647;
			files = (
			);
			runOnlyForDeploymentPostprocessing = 0;
		};
		6F3188322D3297F0007241FA /* Sources */ = {
			isa = PBXSourcesBuildPhase;
			buildActionMask = 2147483647;
			files = (
			);
			runOnlyForDeploymentPostprocessing = 0;
		};
/* End PBXSourcesBuildPhase section */

/* Begin PBXTargetDependency section */
		6F31882E2D3297F0007241FA /* PBXTargetDependency */ = {
			isa = PBXTargetDependency;
			target = 6F31881A2D3297EF007241FA /* TomorrowWeatherApp */;
			targetProxy = 6F31882D2D3297F0007241FA /* PBXContainerItemProxy */;
		};
		6F3188382D3297F0007241FA /* PBXTargetDependency */ = {
			isa = PBXTargetDependency;
			target = 6F31881A2D3297EF007241FA /* TomorrowWeatherApp */;
			targetProxy = 6F3188372D3297F0007241FA /* PBXContainerItemProxy */;
		};
/* End PBXTargetDependency section */

/* Begin XCBuildConfiguration section */
		6F31883E2D3297F0007241FA /* Debug */ = {
			isa = XCBuildConfiguration;
			buildSettings = {
				ALWAYS_SEARCH_USER_PATHS = NO;
				ASSETCATALOG_COMPILER_GENERATE_SWIFT_ASSET_SYMBOL_EXTENSIONS = YES;
				CLANG_ANALYZER_NONNULL = YES;
				CLANG_ANALYZER_NUMBER_OBJECT_CONVERSION = YES_AGGRESSIVE;
				CLANG_CXX_LANGUAGE_STANDARD = "gnu++20";
				CLANG_ENABLE_MODULES = YES;
				CLANG_ENABLE_OBJC_ARC = YES;
				CLANG_ENABLE_OBJC_WEAK = YES;
				CLANG_WARN_BLOCK_CAPTURE_AUTORELEASING = YES;
				CLANG_WARN_BOOL_CONVERSION = YES;
				CLANG_WARN_COMMA = YES;
				CLANG_WARN_CONSTANT_CONVERSION = YES;
				CLANG_WARN_DEPRECATED_OBJC_IMPLEMENTATIONS = YES;
				CLANG_WARN_DIRECT_OBJC_ISA_USAGE = YES_ERROR;
				CLANG_WARN_DOCUMENTATION_COMMENTS = YES;
				CLANG_WARN_EMPTY_BODY = YES;
				CLANG_WARN_ENUM_CONVERSION = YES;
				CLANG_WARN_INFINITE_RECURSION = YES;
				CLANG_WARN_INT_CONVERSION = YES;
				CLANG_WARN_NON_LITERAL_NULL_CONVERSION = YES;
				CLANG_WARN_OBJC_IMPLICIT_RETAIN_SELF = YES;
				CLANG_WARN_OBJC_LITERAL_CONVERSION = YES;
				CLANG_WARN_OBJC_ROOT_CLASS = YES_ERROR;
				CLANG_WARN_QUOTED_INCLUDE_IN_FRAMEWORK_HEADER = YES;
				CLANG_WARN_RANGE_LOOP_ANALYSIS = YES;
				CLANG_WARN_STRICT_PROTOTYPES = YES;
				CLANG_WARN_SUSPICIOUS_MOVE = YES;
				CLANG_WARN_UNGUARDED_AVAILABILITY = YES_AGGRESSIVE;
				CLANG_WARN_UNREACHABLE_CODE = YES;
				CLANG_WARN__DUPLICATE_METHOD_MATCH = YES;
				COPY_PHASE_STRIP = NO;
				DEBUG_INFORMATION_FORMAT = dwarf;
				ENABLE_STRICT_OBJC_MSGSEND = YES;
				ENABLE_TESTABILITY = YES;
				ENABLE_USER_SCRIPT_SANDBOXING = YES;
				GCC_C_LANGUAGE_STANDARD = gnu17;
				GCC_DYNAMIC_NO_PIC = NO;
				GCC_NO_COMMON_BLOCKS = YES;
				GCC_OPTIMIZATION_LEVEL = 0;
				GCC_PREPROCESSOR_DEFINITIONS = (
					"DEBUG=1",
					"$(inherited)",
				);
				GCC_WARN_64_TO_32_BIT_CONVERSION = YES;
				GCC_WARN_ABOUT_RETURN_TYPE = YES_ERROR;
				GCC_WARN_UNDECLARED_SELECTOR = YES;
				GCC_WARN_UNINITIALIZED_AUTOS = YES_AGGRESSIVE;
				GCC_WARN_UNUSED_FUNCTION = YES;
				GCC_WARN_UNUSED_VARIABLE = YES;
				LOCALIZATION_PREFERS_STRING_CATALOGS = YES;
				MTL_ENABLE_DEBUG_INFO = INCLUDE_SOURCE;
				MTL_FAST_MATH = YES;
				ONLY_ACTIVE_ARCH = YES;
				SWIFT_ACTIVE_COMPILATION_CONDITIONS = "DEBUG $(inherited)";
				SWIFT_OPTIMIZATION_LEVEL = "-Onone";
			};
			name = Debug;
		};
		6F31883F2D3297F0007241FA /* Release */ = {
			isa = XCBuildConfiguration;
			buildSettings = {
				ALWAYS_SEARCH_USER_PATHS = NO;
				ASSETCATALOG_COMPILER_GENERATE_SWIFT_ASSET_SYMBOL_EXTENSIONS = YES;
				CLANG_ANALYZER_NONNULL = YES;
				CLANG_ANALYZER_NUMBER_OBJECT_CONVERSION = YES_AGGRESSIVE;
				CLANG_CXX_LANGUAGE_STANDARD = "gnu++20";
				CLANG_ENABLE_MODULES = YES;
				CLANG_ENABLE_OBJC_ARC = YES;
				CLANG_ENABLE_OBJC_WEAK = YES;
				CLANG_WARN_BLOCK_CAPTURE_AUTORELEASING = YES;
				CLANG_WARN_BOOL_CONVERSION = YES;
				CLANG_WARN_COMMA = YES;
				CLANG_WARN_CONSTANT_CONVERSION = YES;
				CLANG_WARN_DEPRECATED_OBJC_IMPLEMENTATIONS = YES;
				CLANG_WARN_DIRECT_OBJC_ISA_USAGE = YES_ERROR;
				CLANG_WARN_DOCUMENTATION_COMMENTS = YES;
				CLANG_WARN_EMPTY_BODY = YES;
				CLANG_WARN_ENUM_CONVERSION = YES;
				CLANG_WARN_INFINITE_RECURSION = YES;
				CLANG_WARN_INT_CONVERSION = YES;
				CLANG_WARN_NON_LITERAL_NULL_CONVERSION = YES;
				CLANG_WARN_OBJC_IMPLICIT_RETAIN_SELF = YES;
				CLANG_WARN_OBJC_LITERAL_CONVERSION = YES;
				CLANG_WARN_OBJC_ROOT_CLASS = YES_ERROR;
				CLANG_WARN_QUOTED_INCLUDE_IN_FRAMEWORK_HEADER = YES;
				CLANG_WARN_RANGE_LOOP_ANALYSIS = YES;
				CLANG_WARN_STRICT_PROTOTYPES = YES;
				CLANG_WARN_SUSPICIOUS_MOVE = YES;
				CLANG_WARN_UNGUARDED_AVAILABILITY = YES_AGGRESSIVE;
				CLANG_WARN_UNREACHABLE_CODE = YES;
				CLANG_WARN__DUPLICATE_METHOD_MATCH = YES;
				COPY_PHASE_STRIP = NO;
				DEBUG_INFORMATION_FORMAT = "dwarf-with-dsym";
				ENABLE_NS_ASSERTIONS = NO;
				ENABLE_STRICT_OBJC_MSGSEND = YES;
				ENABLE_USER_SCRIPT_SANDBOXING = YES;
				GCC_C_LANGUAGE_STANDARD = gnu17;
				GCC_NO_COMMON_BLOCKS = YES;
				GCC_WARN_64_TO_32_BIT_CONVERSION = YES;
				GCC_WARN_ABOUT_RETURN_TYPE = YES_ERROR;
				GCC_WARN_UNDECLARED_SELECTOR = YES;
				GCC_WARN_UNINITIALIZED_AUTOS = YES_AGGRESSIVE;
				GCC_WARN_UNUSED_FUNCTION = YES;
				GCC_WARN_UNUSED_VARIABLE = YES;
				LOCALIZATION_PREFERS_STRING_CATALOGS = YES;
				MTL_ENABLE_DEBUG_INFO = NO;
				MTL_FAST_MATH = YES;
				SWIFT_COMPILATION_MODE = wholemodule;
			};
			name = Release;
		};
		6F3188412D3297F0007241FA /* Debug */ = {
			isa = XCBuildConfiguration;
			buildSettings = {
				ASSETCATALOG_COMPILER_APPICON_NAME = AppIcon;
				ASSETCATALOG_COMPILER_GLOBAL_ACCENT_COLOR_NAME = AccentColor;
				CODE_SIGN_ENTITLEMENTS = TomorrowWeatherApp/TomorrowWeatherApp.entitlements;
				CODE_SIGN_STYLE = Automatic;
				CURRENT_PROJECT_VERSION = 1;
				DEVELOPMENT_ASSET_PATHS = "\"TomorrowWeatherApp/Preview Content\"";
				ENABLE_PREVIEWS = YES;
				GENERATE_INFOPLIST_FILE = YES;
				INFOPLIST_FILE = TomorrowWeatherApp/Info.plist;
				"INFOPLIST_KEY_UIApplicationSceneManifest_Generation[sdk=iphoneos*]" = YES;
				"INFOPLIST_KEY_UIApplicationSceneManifest_Generation[sdk=iphonesimulator*]" = YES;
				"INFOPLIST_KEY_UIApplicationSupportsIndirectInputEvents[sdk=iphoneos*]" = YES;
				"INFOPLIST_KEY_UIApplicationSupportsIndirectInputEvents[sdk=iphonesimulator*]" = YES;
				"INFOPLIST_KEY_UILaunchScreen_Generation[sdk=iphoneos*]" = YES;
				"INFOPLIST_KEY_UILaunchScreen_Generation[sdk=iphonesimulator*]" = YES;
				"INFOPLIST_KEY_UIStatusBarStyle[sdk=iphoneos*]" = UIStatusBarStyleDefault;
				"INFOPLIST_KEY_UIStatusBarStyle[sdk=iphonesimulator*]" = UIStatusBarStyleDefault;
				INFOPLIST_KEY_UISupportedInterfaceOrientations = UIInterfaceOrientationPortrait;
				IPHONEOS_DEPLOYMENT_TARGET = 18.2;
				LD_RUNPATH_SEARCH_PATHS = "@executable_path/Frameworks";
				"LD_RUNPATH_SEARCH_PATHS[sdk=macosx*]" = "@executable_path/../Frameworks";
				MACOSX_DEPLOYMENT_TARGET = 15.2;
				MARKETING_VERSION = 1.0;
				PRODUCT_BUNDLE_IDENTIFIER = com.farazahmed.TomorrowWeatherApp;
				PRODUCT_NAME = "$(TARGET_NAME)";
				SDKROOT = auto;
				SUPPORTED_PLATFORMS = "iphoneos iphonesimulator macosx xros xrsimulator";
				SWIFT_EMIT_LOC_STRINGS = YES;
				SWIFT_VERSION = 5.0;
				TARGETED_DEVICE_FAMILY = "1,2,7";
				XROS_DEPLOYMENT_TARGET = 2.2;
			};
			name = Debug;
		};
		6F3188422D3297F0007241FA /* Release */ = {
			isa = XCBuildConfiguration;
			buildSettings = {
				ASSETCATALOG_COMPILER_APPICON_NAME = AppIcon;
				ASSETCATALOG_COMPILER_GLOBAL_ACCENT_COLOR_NAME = AccentColor;
				CODE_SIGN_ENTITLEMENTS = TomorrowWeatherApp/TomorrowWeatherApp.entitlements;
				CODE_SIGN_STYLE = Automatic;
				CURRENT_PROJECT_VERSION = 1;
				DEVELOPMENT_ASSET_PATHS = "\"TomorrowWeatherApp/Preview Content\"";
				ENABLE_PREVIEWS = YES;
				GENERATE_INFOPLIST_FILE = YES;
				INFOPLIST_FILE = TomorrowWeatherApp/Info.plist;
				"INFOPLIST_KEY_UIApplicationSceneManifest_Generation[sdk=iphoneos*]" = YES;
				"INFOPLIST_KEY_UIApplicationSceneManifest_Generation[sdk=iphonesimulator*]" = YES;
				"INFOPLIST_KEY_UIApplicationSupportsIndirectInputEvents[sdk=iphoneos*]" = YES;
				"INFOPLIST_KEY_UIApplicationSupportsIndirectInputEvents[sdk=iphonesimulator*]" = YES;
				"INFOPLIST_KEY_UILaunchScreen_Generation[sdk=iphoneos*]" = YES;
				"INFOPLIST_KEY_UILaunchScreen_Generation[sdk=iphonesimulator*]" = YES;
				"INFOPLIST_KEY_UIStatusBarStyle[sdk=iphoneos*]" = UIStatusBarStyleDefault;
				"INFOPLIST_KEY_UIStatusBarStyle[sdk=iphonesimulator*]" = UIStatusBarStyleDefault;
				INFOPLIST_KEY_UISupportedInterfaceOrientations = UIInterfaceOrientationPortrait;
				IPHONEOS_DEPLOYMENT_TARGET = 18.2;
				LD_RUNPATH_SEARCH_PATHS = "@executable_path/Frameworks";
				"LD_RUNPATH_SEARCH_PATHS[sdk=macosx*]" = "@executable_path/../Frameworks";
				MACOSX_DEPLOYMENT_TARGET = 15.2;
				MARKETING_VERSION = 1.0;
				PRODUCT_BUNDLE_IDENTIFIER = com.farazahmed.TomorrowWeatherApp;
				PRODUCT_NAME = "$(TARGET_NAME)";
				SDKROOT = auto;
				SUPPORTED_PLATFORMS = "iphoneos iphonesimulator macosx xros xrsimulator";
				SWIFT_EMIT_LOC_STRINGS = YES;
				SWIFT_VERSION = 5.0;
				TARGETED_DEVICE_FAMILY = "1,2,7";
				XROS_DEPLOYMENT_TARGET = 2.2;
			};
			name = Release;
		};
		6F3188442D3297F0007241FA /* Debug */ = {
			isa = XCBuildConfiguration;
			buildSettings = {
				BUNDLE_LOADER = "$(TEST_HOST)";
				CODE_SIGN_STYLE = Automatic;
				CURRENT_PROJECT_VERSION = 1;
				GENERATE_INFOPLIST_FILE = YES;
				IPHONEOS_DEPLOYMENT_TARGET = 18.2;
				MACOSX_DEPLOYMENT_TARGET = 15.2;
				MARKETING_VERSION = 1.0;
				PRODUCT_BUNDLE_IDENTIFIER = com.farazahmed.TomorrowWeatherAppTests;
				PRODUCT_NAME = "$(TARGET_NAME)";
				SDKROOT = auto;
				SUPPORTED_PLATFORMS = "iphoneos iphonesimulator macosx xros xrsimulator";
				SWIFT_EMIT_LOC_STRINGS = NO;
				SWIFT_VERSION = 5.0;
				TARGETED_DEVICE_FAMILY = "1,2,7";
				TEST_HOST = "$(BUILT_PRODUCTS_DIR)/TomorrowWeatherApp.app/$(BUNDLE_EXECUTABLE_FOLDER_PATH)/TomorrowWeatherApp";
				XROS_DEPLOYMENT_TARGET = 2.2;
			};
			name = Debug;
		};
		6F3188452D3297F0007241FA /* Release */ = {
			isa = XCBuildConfiguration;
			buildSettings = {
				BUNDLE_LOADER = "$(TEST_HOST)";
				CODE_SIGN_STYLE = Automatic;
				CURRENT_PROJECT_VERSION = 1;
				GENERATE_INFOPLIST_FILE = YES;
				IPHONEOS_DEPLOYMENT_TARGET = 18.2;
				MACOSX_DEPLOYMENT_TARGET = 15.2;
				MARKETING_VERSION = 1.0;
				PRODUCT_BUNDLE_IDENTIFIER = com.farazahmed.TomorrowWeatherAppTests;
				PRODUCT_NAME = "$(TARGET_NAME)";
				SDKROOT = auto;
				SUPPORTED_PLATFORMS = "iphoneos iphonesimulator macosx xros xrsimulator";
				SWIFT_EMIT_LOC_STRINGS = NO;
				SWIFT_VERSION = 5.0;
				TARGETED_DEVICE_FAMILY = "1,2,7";
				TEST_HOST = "$(BUILT_PRODUCTS_DIR)/TomorrowWeatherApp.app/$(BUNDLE_EXECUTABLE_FOLDER_PATH)/TomorrowWeatherApp";
				XROS_DEPLOYMENT_TARGET = 2.2;
			};
			name = Release;
		};
		6F3188472D3297F0007241FA /* Debug */ = {
			isa = XCBuildConfiguration;
			buildSettings = {
				CODE_SIGN_STYLE = Automatic;
				CURRENT_PROJECT_VERSION = 1;
				GENERATE_INFOPLIST_FILE = YES;
				IPHONEOS_DEPLOYMENT_TARGET = 18.2;
				MACOSX_DEPLOYMENT_TARGET = 15.2;
				MARKETING_VERSION = 1.0;
				PRODUCT_BUNDLE_IDENTIFIER = com.farazahmed.TomorrowWeatherAppUITests;
				PRODUCT_NAME = "$(TARGET_NAME)";
				SDKROOT = auto;
				SUPPORTED_PLATFORMS = "iphoneos iphonesimulator macosx xros xrsimulator";
				SWIFT_EMIT_LOC_STRINGS = NO;
				SWIFT_VERSION = 5.0;
				TARGETED_DEVICE_FAMILY = "1,2,7";
				TEST_TARGET_NAME = TomorrowWeatherApp;
				XROS_DEPLOYMENT_TARGET = 2.2;
			};
			name = Debug;
		};
		6F3188482D3297F0007241FA /* Release */ = {
			isa = XCBuildConfiguration;
			buildSettings = {
				CODE_SIGN_STYLE = Automatic;
				CURRENT_PROJECT_VERSION = 1;
				GENERATE_INFOPLIST_FILE = YES;
				IPHONEOS_DEPLOYMENT_TARGET = 18.2;
				MACOSX_DEPLOYMENT_TARGET = 15.2;
				MARKETING_VERSION = 1.0;
				PRODUCT_BUNDLE_IDENTIFIER = com.farazahmed.TomorrowWeatherAppUITests;
				PRODUCT_NAME = "$(TARGET_NAME)";
				SDKROOT = auto;
				SUPPORTED_PLATFORMS = "iphoneos iphonesimulator macosx xros xrsimulator";
				SWIFT_EMIT_LOC_STRINGS = NO;
				SWIFT_VERSION = 5.0;
				TARGETED_DEVICE_FAMILY = "1,2,7";
				TEST_TARGET_NAME = TomorrowWeatherApp;
				XROS_DEPLOYMENT_TARGET = 2.2;
			};
			name = Release;
		};
/* End XCBuildConfiguration section */

/* Begin XCConfigurationList section */
		6F3188162D3297EF007241FA /* Build configuration list for PBXProject "TomorrowWeatherApp" */ = {
			isa = XCConfigurationList;
			buildConfigurations = (
				6F31883E2D3297F0007241FA /* Debug */,
				6F31883F2D3297F0007241FA /* Release */,
			);
			defaultConfigurationIsVisible = 0;
			defaultConfigurationName = Release;
		};
		6F3188402D3297F0007241FA /* Build configuration list for PBXNativeTarget "TomorrowWeatherApp" */ = {
			isa = XCConfigurationList;
			buildConfigurations = (
				6F3188412D3297F0007241FA /* Debug */,
				6F3188422D3297F0007241FA /* Release */,
			);
			defaultConfigurationIsVisible = 0;
			defaultConfigurationName = Release;
		};
		6F3188432D3297F0007241FA /* Build configuration list for PBXNativeTarget "TomorrowWeatherAppTests" */ = {
			isa = XCConfigurationList;
			buildConfigurations = (
				6F3188442D3297F0007241FA /* Debug */,
				6F3188452D3297F0007241FA /* Release */,
			);
			defaultConfigurationIsVisible = 0;
			defaultConfigurationName = Release;
		};
		6F3188462D3297F0007241FA /* Build configuration list for PBXNativeTarget "TomorrowWeatherAppUITests" */ = {
			isa = XCConfigurationList;
			buildConfigurations = (
				6F3188472D3297F0007241FA /* Debug */,
				6F3188482D3297F0007241FA /* Release */,
			);
			defaultConfigurationIsVisible = 0;
			defaultConfigurationName = Release;
		};
/* End XCConfigurationList section */
	};
	rootObject = 6F3188132D3297EF007241FA /* Project object */;
}
